
Microsoft Visual Studio Solution File, Format Version 12.00
# Visual Studio Version 17
VisualStudioVersion = 17.11.35222.181
MinimumVisualStudioVersion = 10.0.40219.1
Project("{FAE04EC0-301F-11D3-BF4B-00C04F79EFBC}") = "OptimumHR", "OptimumHR\OptimumHR.csproj", "{840EFC18-6CB3-48E6-BFEB-22F1F6E2A85E}"
EndProject
Global
	GlobalSection(SolutionConfigurationPlatforms) = preSolution
		Debug|Any CPU = Debug|Any CPU
		Release|Any CPU = Release|Any CPU
	EndGlobalSection
	GlobalSection(ProjectConfigurationPlatforms) = postSolution
		{840EFC18-6CB3-48E6-BFEB-22F1F6E2A85E}.Debug|Any CPU.ActiveCfg = Debug|Any CPU
		{840EFC18-6CB3-48E6-BFEB-22F1F6E2A85E}.Debug|Any CPU.Build.0 = Debug|Any CPU
		{840EFC18-6CB3-48E6-BFEB-22F1F6E2A85E}.Release|Any CPU.ActiveCfg = Release|Any CPU
		{840EFC18-6CB3-48E6-BFEB-22F1F6E2A85E}.Release|Any CPU.Build.0 = Release|Any CPU
	EndGlobalSection
	GlobalSection(SolutionProperties) = preSolution
		HideSolutionNode = FALSE
	EndGlobalSection
	GlobalSection(ExtensibilityGlobals) = postSolution
		SolutionGuid = {137AAE43-D115-46D7-935B-873AEFDCFA12}
	EndGlobalSection
EndGlobal
